
Microsoft Visual Studio Solution File, Format Version 12.00
# Visual Studio 15
VisualStudioVersion = 15.0.27703.2026
MinimumVisualStudioVersion = 10.0.40219.1
Project("{FAE04EC0-301F-11D3-BF4B-00C04F79EFBC}") = "DotnetNginxSameContainer", "DotnetNginxSameContainer\DotnetNginxSameContainer.csproj", "{FC868313-18E9-4C6F-9D11-187D09128250}"
EndProject
Global
	GlobalSection(SolutionConfigurationPlatforms) = preSolution
		Debug|Any CPU = Debug|Any CPU
		Release|Any CPU = Release|Any CPU
	EndGlobalSection
	GlobalSection(ProjectConfigurationPlatforms) = postSolution
		{FC868313-18E9-4C6F-9D11-187D09128250}.Debug|Any CPU.ActiveCfg = Debug|Any CPU
		{FC868313-18E9-4C6F-9D11-187D09128250}.Debug|Any CPU.Build.0 = Debug|Any CPU
		{FC868313-18E9-4C6F-9D11-187D09128250}.Release|Any CPU.ActiveCfg = Release|Any CPU
		{FC868313-18E9-4C6F-9D11-187D09128250}.Release|Any CPU.Build.0 = Release|Any CPU
	EndGlobalSection
	GlobalSection(SolutionProperties) = preSolution
		HideSolutionNode = FALSE
	EndGlobalSection
	GlobalSection(ExtensibilityGlobals) = postSolution
		SolutionGuid = {199E6123-4ABB-4F5D-961F-7EA9CC1F5901}
	EndGlobalSection
EndGlobal
